// !$*UTF8*$!
{
	archiveVersion = 1;
	classes = {
	};
	objectVersion = 50;
	objects = {

/* Begin PBXBuildFile section */
		E92C28AE241435E0000955C1 /* AppDelegate.swift in Sources */ = {isa = PBXBuildFile; fileRef = E92C28AD241435E0000955C1 /* AppDelegate.swift */; };
		E92C28B0241435E0000955C1 /* SceneDelegate.swift in Sources */ = {isa = PBXBuildFile; fileRef = E92C28AF241435E0000955C1 /* SceneDelegate.swift */; };
		E92C28B2241435E0000955C1 /* ViewController.swift in Sources */ = {isa = PBXBuildFile; fileRef = E92C28B1241435E0000955C1 /* ViewController.swift */; };
		E92C28B5241435E0000955C1 /* Main.storyboard in Resources */ = {isa = PBXBuildFile; fileRef = E92C28B3241435E0000955C1 /* Main.storyboard */; };
		E92C28BA241435E3000955C1 /* LaunchScreen.storyboard in Resources */ = {isa = PBXBuildFile; fileRef = E92C28B8241435E3000955C1 /* LaunchScreen.storyboard */; };
		E92C28C5241435E3000955C1 /* BreakfastEggUITests.swift in Sources */ = {isa = PBXBuildFile; fileRef = E92C28C4241435E3000955C1 /* BreakfastEggUITests.swift */; };
		E967D55B2415324600EB3809 /* alarm.mp3 in Resources */ = {isa = PBXBuildFile; fileRef = E967D55A2415324500EB3809 /* alarm.mp3 */; };
		E967D55D241534CC00EB3809 /* Assets.xcassets in Resources */ = {isa = PBXBuildFile; fileRef = E967D55C241534CC00EB3809 /* Assets.xcassets */; };
/* End PBXBuildFile section */

/* Begin PBXContainerItemProxy section */
		E92C28C1241435E3000955C1 /* PBXContainerItemProxy */ = {
			isa = PBXContainerItemProxy;
			containerPortal = E92C28A2241435E0000955C1 /* Project object */;
			proxyType = 1;
			remoteGlobalIDString = E92C28A9241435E0000955C1;
			remoteInfo = BreakfastEgg;
		};
/* End PBXContainerItemProxy section */

/* Begin PBXFileReference section */
		E92C28AA241435E0000955C1 /* BreakfastEgg.app */ = {isa = PBXFileReference; explicitFileType = wrapper.application; includeInIndex = 0; path = BreakfastEgg.app; sourceTree = BUILT_PRODUCTS_DIR; };
		E92C28AD241435E0000955C1 /* AppDelegate.swift */ = {isa = PBXFileReference; lastKnownFileType = sourcecode.swift; path = AppDelegate.swift; sourceTree = "<group>"; };
		E92C28AF241435E0000955C1 /* SceneDelegate.swift */ = {isa = PBXFileReference; lastKnownFileType = sourcecode.swift; path = SceneDelegate.swift; sourceTree = "<group>"; };
		E92C28B1241435E0000955C1 /* ViewController.swift */ = {isa = PBXFileReference; lastKnownFileType = sourcecode.swift; path = ViewController.swift; sourceTree = "<group>"; };
		E92C28B4241435E0000955C1 /* Base */ = {isa = PBXFileReference; lastKnownFileType = file.storyboard; name = Base; path = Base.lproj/Main.storyboard; sourceTree = "<group>"; };
		E92C28B9241435E3000955C1 /* Base */ = {isa = PBXFileReference; lastKnownFileType = file.storyboard; name = Base; path = Base.lproj/LaunchScreen.storyboard; sourceTree = "<group>"; };
		E92C28BB241435E3000955C1 /* Info.plist */ = {isa = PBXFileReference; lastKnownFileType = text.plist.xml; path = Info.plist; sourceTree = "<group>"; };
		E92C28C0241435E3000955C1 /* BreakfastEggUITests.xctest */ = {isa = PBXFileReference; explicitFileType = wrapper.cfbundle; includeInIndex = 0; path = BreakfastEggUITests.xctest; sourceTree = BUILT_PRODUCTS_DIR; };
		E92C28C4241435E3000955C1 /* BreakfastEggUITests.swift */ = {isa = PBXFileReference; lastKnownFileType = sourcecode.swift; path = BreakfastEggUITests.swift; sourceTree = "<group>"; };
		E92C28C6241435E3000955C1 /* Info.plist */ = {isa = PBXFileReference; lastKnownFileType = text.plist.xml; path = Info.plist; sourceTree = "<group>"; };
		E967D55A2415324500EB3809 /* alarm.mp3 */ = {isa = PBXFileReference; lastKnownFileType = audio.mp3; name = alarm.mp3; path = "../../EggTimer-iOS13/EggTimer/alarm.mp3"; sourceTree = "<group>"; };
		E967D55C241534CC00EB3809 /* Assets.xcassets */ = {isa = PBXFileReference; lastKnownFileType = folder.assetcatalog; name = Assets.xcassets; path = "../../EggTimer-iOS13/EggTimer/Assets.xcassets"; sourceTree = "<group>"; };
/* End PBXFileReference section */

/* Begin PBXFrameworksBuildPhase section */
		E92C28A7241435E0000955C1 /* Frameworks */ = {
			isa = PBXFrameworksBuildPhase;
			buildActionMask = 2147483647;
			files = (
			);
			runOnlyForDeploymentPostprocessing = 0;
		};
		E92C28BD241435E3000955C1 /* Frameworks */ = {
			isa = PBXFrameworksBuildPhase;
			buildActionMask = 2147483647;
			files = (
			);
			runOnlyForDeploymentPostprocessing = 0;
		};
/* End PBXFrameworksBuildPhase section */

/* Begin PBXGroup section */
		E92C28A1241435E0000955C1 = {
			isa = PBXGroup;
			children = (
				E92C28AC241435E0000955C1 /* BreakfastEgg */,
				E92C28C3241435E3000955C1 /* BreakfastEggUITests */,
				E92C28AB241435E0000955C1 /* Products */,
			);
			sourceTree = "<group>";
		};
		E92C28AB241435E0000955C1 /* Products */ = {
			isa = PBXGroup;
			children = (
				E92C28AA241435E0000955C1 /* BreakfastEgg.app */,
				E92C28C0241435E3000955C1 /* BreakfastEggUITests.xctest */,
			);
			name = Products;
			sourceTree = "<group>";
		};
		E92C28AC241435E0000955C1 /* BreakfastEgg */ = {
			isa = PBXGroup;
			children = (
				E92C28AD241435E0000955C1 /* AppDelegate.swift */,
				E92C28AF241435E0000955C1 /* SceneDelegate.swift */,
				E92C28B1241435E0000955C1 /* ViewController.swift */,
				E92C28B3241435E0000955C1 /* Main.storyboard */,
				E967D55C241534CC00EB3809 /* Assets.xcassets */,
				E967D55A2415324500EB3809 /* alarm.mp3 */,
				E92C28B8241435E3000955C1 /* LaunchScreen.storyboard */,
				E92C28BB241435E3000955C1 /* Info.plist */,
			);
			path = BreakfastEgg;
			sourceTree = "<group>";
		};
		E92C28C3241435E3000955C1 /* BreakfastEggUITests */ = {
			isa = PBXGroup;
			children = (
				E92C28C4241435E3000955C1 /* BreakfastEggUITests.swift */,
				E92C28C6241435E3000955C1 /* Info.plist */,
			);
			path = BreakfastEggUITests;
			sourceTree = "<group>";
		};
/* End PBXGroup section */

/* Begin PBXNativeTarget section */
		E92C28A9241435E0000955C1 /* BreakfastEgg */ = {
			isa = PBXNativeTarget;
			buildConfigurationList = E92C28C9241435E3000955C1 /* Build configuration list for PBXNativeTarget "BreakfastEgg" */;
			buildPhases = (
				E92C28A6241435E0000955C1 /* Sources */,
				E92C28A7241435E0000955C1 /* Frameworks */,
				E92C28A8241435E0000955C1 /* Resources */,
			);
			buildRules = (
			);
			dependencies = (
			);
			name = BreakfastEgg;
			productName = BreakfastEgg;
			productReference = E92C28AA241435E0000955C1 /* BreakfastEgg.app */;
			productType = "com.apple.product-type.application";
		};
		E92C28BF241435E3000955C1 /* BreakfastEggUITests */ = {
			isa = PBXNativeTarget;
			buildConfigurationList = E92C28CC241435E3000955C1 /* Build configuration list for PBXNativeTarget "BreakfastEggUITests" */;
			buildPhases = (
				E92C28BC241435E3000955C1 /* Sources */,
				E92C28BD241435E3000955C1 /* Frameworks */,
				E92C28BE241435E3000955C1 /* Resources */,
			);
			buildRules = (
			);
			dependencies = (
				E92C28C2241435E3000955C1 /* PBXTargetDependency */,
			);
			name = BreakfastEggUITests;
			productName = BreakfastEggUITests;
			productReference = E92C28C0241435E3000955C1 /* BreakfastEggUITests.xctest */;
			productType = "com.apple.product-type.bundle.ui-testing";
		};
/* End PBXNativeTarget section */

/* Begin PBXProject section */
		E92C28A2241435E0000955C1 /* Project object */ = {
			isa = PBXProject;
			attributes = {
				LastSwiftUpdateCheck = 1130;
				LastUpgradeCheck = 1130;
				ORGANIZATIONNAME = "Filip Handzel";
				TargetAttributes = {
					E92C28A9241435E0000955C1 = {
						CreatedOnToolsVersion = 11.3.1;
					};
					E92C28BF241435E3000955C1 = {
						CreatedOnToolsVersion = 11.3.1;
						TestTargetID = E92C28A9241435E0000955C1;
					};
				};
			};
			buildConfigurationList = E92C28A5241435E0000955C1 /* Build configuration list for PBXProject "BreakfastEgg" */;
			compatibilityVersion = "Xcode 9.3";
			developmentRegion = en;
			hasScannedForEncodings = 0;
			knownRegions = (
				en,
				Base,
			);
			mainGroup = E92C28A1241435E0000955C1;
			productRefGroup = E92C28AB241435E0000955C1 /* Products */;
			projectDirPath = "";
			projectRoot = "";
			targets = (
				E92C28A9241435E0000955C1 /* BreakfastEgg */,
				E92C28BF241435E3000955C1 /* BreakfastEggUITests */,
			);
		};
/* End PBXProject section */

/* Begin PBXResourcesBuildPhase section */
		E92C28A8241435E0000955C1 /* Resources */ = {
			isa = PBXResourcesBuildPhase;
			buildActionMask = 2147483647;
			files = (
				E92C28BA241435E3000955C1 /* LaunchScreen.storyboard in Resources */,
				E92C28B5241435E0000955C1 /* Main.storyboard in Resources */,
				E967D55D241534CC00EB3809 /* Assets.xcassets in Resources */,
				E967D55B2415324600EB3809 /* alarm.mp3 in Resources */,
			);
			runOnlyForDeploymentPostprocessing = 0;
		};
		E92C28BE241435E3000955C1 /* Resources */ = {
			isa = PBXResourcesBuildPhase;
			buildActionMask = 2147483647;
			files = (
			);
			runOnlyForDeploymentPostprocessing = 0;
		};
/* End PBXResourcesBuildPhase section */

/* Begin PBXSourcesBuildPhase section */
		E92C28A6241435E0000955C1 /* Sources */ = {
			isa = PBXSourcesBuildPhase;
			buildActionMask = 2147483647;
			files = (
				E92C28B2241435E0000955C1 /* ViewController.swift in Sources */,
				E92C28AE241435E0000955C1 /* AppDelegate.swift in Sources */,
				E92C28B0241435E0000955C1 /* SceneDelegate.swift in Sources */,
			);
			runOnlyForDeploymentPostprocessing = 0;
		};
		E92C28BC241435E3000955C1 /* Sources */ = {
			isa = PBXSourcesBuildPhase;
			buildActionMask = 2147483647;
			files = (
				E92C28C5241435E3000955C1 /* BreakfastEggUITests.swift in Sources */,
			);
			runOnlyForDeploymentPostprocessing = 0;
		};
/* End PBXSourcesBuildPhase section */

/* Begin PBXTargetDependency section */
		E92C28C2241435E3000955C1 /* PBXTargetDependency */ = {
			isa = PBXTargetDependency;
			target = E92C28A9241435E0000955C1 /* BreakfastEgg */;
			targetProxy = E92C28C1241435E3000955C1 /* PBXContainerItemProxy */;
		};
/* End PBXTargetDependency section */

/* Begin PBXVariantGroup section */
		E92C28B3241435E0000955C1 /* Main.storyboard */ = {
			isa = PBXVariantGroup;
			children = (
				E92C28B4241435E0000955C1 /* Base */,
			);
			name = Main.storyboard;
			sourceTree = "<group>";
		};
		E92C28B8241435E3000955C1 /* LaunchScreen.storyboard */ = {
			isa = PBXVariantGroup;
			children = (
				E92C28B9241435E3000955C1 /* Base */,
			);
			name = LaunchScreen.storyboard;
			sourceTree = "<group>";
		};
/* End PBXVariantGroup section */

/* Begin XCBuildConfiguration section */
		E92C28C7241435E3000955C1 /* Debug */ = {
			isa = XCBuildConfiguration;
			buildSettings = {
				ALWAYS_SEARCH_USER_PATHS = NO;
				CLANG_ANALYZER_NONNULL = YES;
				CLANG_ANALYZER_NUMBER_OBJECT_CONVERSION = YES_AGGRESSIVE;
				CLANG_CXX_LANGUAGE_STANDARD = "gnu++14";
				CLANG_CXX_LIBRARY = "libc++";
				CLANG_ENABLE_MODULES = YES;
				CLANG_ENABLE_OBJC_ARC = YES;
				CLANG_ENABLE_OBJC_WEAK = YES;
				CLANG_WARN_BLOCK_CAPTURE_AUTORELEASING = YES;
				CLANG_WARN_BOOL_CONVERSION = YES;
				CLANG_WARN_COMMA = YES;
				CLANG_WARN_CONSTANT_CONVERSION = YES;
				CLANG_WARN_DEPRECATED_OBJC_IMPLEMENTATIONS = YES;
				CLANG_WARN_DIRECT_OBJC_ISA_USAGE = YES_ERROR;
				CLANG_WARN_DOCUMENTATION_COMMENTS = YES;
				CLANG_WARN_EMPTY_BODY = YES;
				CLANG_WARN_ENUM_CONVERSION = YES;
				CLANG_WARN_INFINITE_RECURSION = YES;
				CLANG_WARN_INT_CONVERSION = YES;
				CLANG_WARN_NON_LITERAL_NULL_CONVERSION = YES;
				CLANG_WARN_OBJC_IMPLICIT_RETAIN_SELF = YES;
				CLANG_WARN_OBJC_LITERAL_CONVERSION = YES;
				CLANG_WARN_OBJC_ROOT_CLASS = YES_ERROR;
				CLANG_WARN_RANGE_LOOP_ANALYSIS = YES;
				CLANG_WARN_STRICT_PROTOTYPES = YES;
				CLANG_WARN_SUSPICIOUS_MOVE = YES;
				CLANG_WARN_UNGUARDED_AVAILABILITY = YES_AGGRESSIVE;
				CLANG_WARN_UNREACHABLE_CODE = YES;
				CLANG_WARN__DUPLICATE_METHOD_MATCH = YES;
				COPY_PHASE_STRIP = NO;
				DEBUG_INFORMATION_FORMAT = dwarf;
				ENABLE_STRICT_OBJC_MSGSEND = YES;
				ENABLE_TESTABILITY = YES;
				GCC_C_LANGUAGE_STANDARD = gnu11;
				GCC_DYNAMIC_NO_PIC = NO;
				GCC_NO_COMMON_BLOCKS = YES;
				GCC_OPTIMIZATION_LEVEL = 0;
				GCC_PREPROCESSOR_DEFINITIONS = (
					"DEBUG=1",
					"$(inherited)",
				);
				GCC_WARN_64_TO_32_BIT_CONVERSION = YES;
				GCC_WARN_ABOUT_RETURN_TYPE = YES_ERROR;
				GCC_WARN_UNDECLARED_SELECTOR = YES;
				GCC_WARN_UNINITIALIZED_AUTOS = YES_AGGRESSIVE;
				GCC_WARN_UNUSED_FUNCTION = YES;
				GCC_WARN_UNUSED_VARIABLE = YES;
				IPHONEOS_DEPLOYMENT_TARGET = 13.2;
				MTL_ENABLE_DEBUG_INFO = INCLUDE_SOURCE;
				MTL_FAST_MATH = YES;
				ONLY_ACTIVE_ARCH = YES;
				SDKROOT = iphoneos;
				SWIFT_ACTIVE_COMPILATION_CONDITIONS = DEBUG;
				SWIFT_OPTIMIZATION_LEVEL = "-Onone";
			};
			name = Debug;
		};
		E92C28C8241435E3000955C1 /* Release */ = {
			isa = XCBuildConfiguration;
			buildSettings = {
				ALWAYS_SEARCH_USER_PATHS = NO;
				CLANG_ANALYZER_NONNULL = YES;
				CLANG_ANALYZER_NUMBER_OBJECT_CONVERSION = YES_AGGRESSIVE;
				CLANG_CXX_LANGUAGE_STANDARD = "gnu++14";
				CLANG_CXX_LIBRARY = "libc++";
				CLANG_ENABLE_MODULES = YES;
				CLANG_ENABLE_OBJC_ARC = YES;
				CLANG_ENABLE_OBJC_WEAK = YES;
				CLANG_WARN_BLOCK_CAPTURE_AUTORELEASING = YES;
				CLANG_WARN_BOOL_CONVERSION = YES;
				CLANG_WARN_COMMA = YES;
				CLANG_WARN_CONSTANT_CONVERSION = YES;
				CLANG_WARN_DEPRECATED_OBJC_IMPLEMENTATIONS = YES;
				CLANG_WARN_DIRECT_OBJC_ISA_USAGE = YES_ERROR;
				CLANG_WARN_DOCUMENTATION_COMMENTS = YES;
				CLANG_WARN_EMPTY_BODY = YES;
				CLANG_WARN_ENUM_CONVERSION = YES;
				CLANG_WARN_INFINITE_RECURSION = YES;
				CLANG_WARN_INT_CONVERSION = YES;
				CLANG_WARN_NON_LITERAL_NULL_CONVERSION = YES;
				CLANG_WARN_OBJC_IMPLICIT_RETAIN_SELF = YES;
				CLANG_WARN_OBJC_LITERAL_CONVERSION = YES;
				CLANG_WARN_OBJC_ROOT_CLASS = YES_ERROR;
				CLANG_WARN_RANGE_LOOP_ANALYSIS = YES;
				CLANG_WARN_STRICT_PROTOTYPES = YES;
				CLANG_WARN_SUSPICIOUS_MOVE = YES;
				CLANG_WARN_UNGUARDED_AVAILABILITY = YES_AGGRESSIVE;
				CLANG_WARN_UNREACHABLE_CODE = YES;
				CLANG_WARN__DUPLICATE_METHOD_MATCH = YES;
				COPY_PHASE_STRIP = NO;
				DEBUG_INFORMATION_FORMAT = "dwarf-with-dsym";
				ENABLE_NS_ASSERTIONS = NO;
				ENABLE_STRICT_OBJC_MSGSEND = YES;
				GCC_C_LANGUAGE_STANDARD = gnu11;
				GCC_NO_COMMON_BLOCKS = YES;
				GCC_WARN_64_TO_32_BIT_CONVERSION = YES;
				GCC_WARN_ABOUT_RETURN_TYPE = YES_ERROR;
				GCC_WARN_UNDECLARED_SELECTOR = YES;
				GCC_WARN_UNINITIALIZED_AUTOS = YES_AGGRESSIVE;
				GCC_WARN_UNUSED_FUNCTION = YES;
				GCC_WARN_UNUSED_VARIABLE = YES;
				IPHONEOS_DEPLOYMENT_TARGET = 13.2;
				MTL_ENABLE_DEBUG_INFO = NO;
				MTL_FAST_MATH = YES;
				SDKROOT = iphoneos;
				SWIFT_COMPILATION_MODE = wholemodule;
				SWIFT_OPTIMIZATION_LEVEL = "-O";
				VALIDATE_PRODUCT = YES;
			};
			name = Release;
		};
		E92C28CA241435E3000955C1 /* Debug */ = {
			isa = XCBuildConfiguration;
			buildSettings = {
				ASSETCATALOG_COMPILER_APPICON_NAME = AppIcon;
				CODE_SIGN_STYLE = Automatic;
				DEVELOPMENT_TEAM = 4KW9U7BB3V;
				INFOPLIST_FILE = BreakfastEgg/Info.plist;
				LD_RUNPATH_SEARCH_PATHS = (
					"$(inherited)",
					"@executable_path/Frameworks",
				);
				PRODUCT_BUNDLE_IDENTIFIER = handzel.BreakfastEgg;
				PRODUCT_NAME = "$(TARGET_NAME)";
				SWIFT_VERSION = 5.0;
				TARGETED_DEVICE_FAMILY = "1,2";
			};
			name = Debug;
		};
		E92C28CB241435E3000955C1 /* Release */ = {
			isa = XCBuildConfiguration;
			buildSettings = {
				ASSETCATALOG_COMPILER_APPICON_NAME = AppIcon;
				CODE_SIGN_STYLE = Automatic;
				DEVELOPMENT_TEAM = 4KW9U7BB3V;
				INFOPLIST_FILE = BreakfastEgg/Info.plist;
				LD_RUNPATH_SEARCH_PATHS = (
					"$(inherited)",
					"@executable_path/Frameworks",
				);
				PRODUCT_BUNDLE_IDENTIFIER = handzel.BreakfastEgg;
				PRODUCT_NAME = "$(TARGET_NAME)";
				SWIFT_VERSION = 5.0;
				TARGETED_DEVICE_FAMILY = "1,2";
			};
			name = Release;
		};
		E92C28CD241435E3000955C1 /* Debug */ = {
			isa = XCBuildConfiguration;
			buildSettings = {
				ALWAYS_EMBED_SWIFT_STANDARD_LIBRARIES = YES;
				CODE_SIGN_STYLE = Automatic;
				DEVELOPMENT_TEAM = 4KW9U7BB3V;
				INFOPLIST_FILE = BreakfastEggUITests/Info.plist;
				LD_RUNPATH_SEARCH_PATHS = (
					"$(inherited)",
					"@executable_path/Frameworks",
					"@loader_path/Frameworks",
				);
				PRODUCT_BUNDLE_IDENTIFIER = handzel.BreakfastEggUITests;
				PRODUCT_NAME = "$(TARGET_NAME)";
				SWIFT_VERSION = 5.0;
				TARGETED_DEVICE_FAMILY = "1,2";
				TEST_TARGET_NAME = BreakfastEgg;
			};
			name = Debug;
		};
		E92C28CE241435E3000955C1 /* Release */ = {
			isa = XCBuildConfiguration;
			buildSettings = {
				ALWAYS_EMBED_SWIFT_STANDARD_LIBRARIES = YES;
				CODE_SIGN_STYLE = Automatic;
				DEVELOPMENT_TEAM = 4KW9U7BB3V;
				INFOPLIST_FILE = BreakfastEggUITests/Info.plist;
				LD_RUNPATH_SEARCH_PATHS = (
					"$(inherited)",
					"@executable_path/Frameworks",
					"@loader_path/Frameworks",
				);
				PRODUCT_BUNDLE_IDENTIFIER = handzel.BreakfastEggUITests;
				PRODUCT_NAME = "$(TARGET_NAME)";
				SWIFT_VERSION = 5.0;
				TARGETED_DEVICE_FAMILY = "1,2";
				TEST_TARGET_NAME = BreakfastEgg;
			};
			name = Release;
		};
/* End XCBuildConfiguration section */

/* Begin XCConfigurationList section */
		E92C28A5241435E0000955C1 /* Build configuration list for PBXProject "BreakfastEgg" */ = {
			isa = XCConfigurationList;
			buildConfigurations = (
				E92C28C7241435E3000955C1 /* Debug */,
				E92C28C8241435E3000955C1 /* Release */,
			);
			defaultConfigurationIsVisible = 0;
			defaultConfigurationName = Release;
		};
		E92C28C9241435E3000955C1 /* Build configuration list for PBXNativeTarget "BreakfastEgg" */ = {
			isa = XCConfigurationList;
			buildConfigurations = (
				E92C28CA241435E3000955C1 /* Debug */,
				E92C28CB241435E3000955C1 /* Release */,
			);
			defaultConfigurationIsVisible = 0;
			defaultConfigurationName = Release;
		};
		E92C28CC241435E3000955C1 /* Build configuration list for PBXNativeTarget "BreakfastEggUITests" */ = {
			isa = XCConfigurationList;
			buildConfigurations = (
				E92C28CD241435E3000955C1 /* Debug */,
				E92C28CE241435E3000955C1 /* Release */,
			);
			defaultConfigurationIsVisible = 0;
			defaultConfigurationName = Release;
		};
/* End XCConfigurationList section */
	};
	rootObject = E92C28A2241435E0000955C1 /* Project object */;
}
